
Microsoft Visual Studio Solution File, Format Version 12.00
# Visual Studio Version 17
VisualStudioVersion = 17.13.35825.156
MinimumVisualStudioVersion = 10.0.40219.1
Project("{FAE04EC0-301F-11D3-BF4B-00C04F79EFBC}") = "Lab0002", "buoi2\Lab0002.csproj", "{77F2647E-FAC3-4CE4-B12F-FB5C5B2A54D3}"
EndProject
Global
	GlobalSection(SolutionConfigurationPlatforms) = preSolution
		Debug|Any CPU = Debug|Any CPU
		Release|Any CPU = Release|Any CPU
	EndGlobalSection
	GlobalSection(ProjectConfigurationPlatforms) = postSolution
		{77F2647E-FAC3-4CE4-B12F-FB5C5B2A54D3}.Debug|Any CPU.ActiveCfg = Debug|Any CPU
		{77F2647E-FAC3-4CE4-B12F-FB5C5B2A54D3}.Debug|Any CPU.Build.0 = Debug|Any CPU
		{77F2647E-FAC3-4CE4-B12F-FB5C5B2A54D3}.Release|Any CPU.ActiveCfg = Release|Any CPU
		{77F2647E-FAC3-4CE4-B12F-FB5C5B2A54D3}.Release|Any CPU.Build.0 = Release|Any CPU
	EndGlobalSection
	GlobalSection(SolutionProperties) = preSolution
		HideSolutionNode = FALSE
	EndGlobalSection
	GlobalSection(ExtensibilityGlobals) = postSolution
		SolutionGuid = {DD5DA226-2BF6-42A2-AFFE-607DB0518967}
	EndGlobalSection
EndGlobal
